{
  "name": "frontend-image-diff",
  "version": "1.0.0",
  "lockfileVersion": 2,
  "requires": true,
  "packages": {
    "": {
      "name": "frontend-image-diff",
      "version": "1.0.0",
      "dependencies": {
        "frontend-visual-diff": "file:../前端页面差异测试",
        "playwright": "^1.49.0"
      }
    },
    "../前端页面差异测试": {
      "version": "1.0.0",
      "dependencies": {
        "imugi-ai": "^1.1.0",
        "pixelmatch": "^7.2.0",
        "playwright": "^1.61.1",
        "pngjs": "^7.0.0"
      }
    },
    "node_modules/frontend-visual-diff": {
      "resolved": "../前端页面差异测试",
      "link": true
    },
    "node_modules/fsevents": {
      "version": "2.3.2",
      "resolved": "http://src.devops.bitech.cn:86/repository/RECO.NPM/fsevents/-/fsevents-2.3.2.tgz",
      "integrity": "sha512-xiqMQR4xAeHTuB9uWm+fFRcIOgKBMiOBP+eXiyT7jsgVCq1bkVygt00oASowB7EdtpOHaaPgKt812P9ab+DDKA==",
      "hasInstallScript": true,
      "license": "MIT",
      "optional": true,
      "os": [
        "darwin"
      ],
      "engines": {
        "node": "^8.16.0 || ^10.6.0 || >=11.0.0"
      }
    },
    "node_modules/playwright": {
      "version": "1.61.1",
      "resolved": "http://src.devops.bitech.cn:86/repository/RECO.NPM/playwright/-/playwright-1.61.1.tgz",
      "integrity": "sha512-DWnY5o3YbLWK4GovuAVwpqL+1VwGNdUGrRr++8j8PtQQzvAVZUIMjKQ90fY689sEJZJBbZVw1rXaOKSTitkzPQ==",
      "license": "Apache-2.0",
      "dependencies": {
        "playwright-core": "1.61.1"
      },
      "bin": {
        "playwright": "cli.js"
      },
      "engines": {
        "node": ">=18"
      },
      "optionalDependencies": {
        "fsevents": "2.3.2"
      }
    },
    "node_modules/playwright-core": {
      "version": "1.61.1",
      "resolved": "http://src.devops.bitech.cn:86/repository/RECO.NPM/playwright-core/-/playwright-core-1.61.1.tgz",
      "integrity": "sha512-h7Qlt6m4REp25qvIdvbDtVmD4LqVXfpRxhORv9L0jzETM05p4fuPJ3dKyuSXQxDSbXnmS79HAgi9589lGSpLkg==",
      "license": "Apache-2.0",
      "bin": {
        "playwright-core": "cli.js"
      },
      "engines": {
        "node": ">=18"
      }
    }
  },
  "dependencies": {
    "frontend-visual-diff": {
      "version": "file:../前端页面差异测试",
      "requires": {
        "imugi-ai": "^1.1.0",
        "pixelmatch": "^7.2.0",
        "playwright": "^1.61.1",
        "pngjs": "^7.0.0"
      }
    },
    "fsevents": {
      "version": "2.3.2",
      "resolved": "http://src.devops.bitech.cn:86/repository/RECO.NPM/fsevents/-/fsevents-2.3.2.tgz",
      "integrity": "sha512-xiqMQR4xAeHTuB9uWm+fFRcIOgKBMiOBP+eXiyT7jsgVCq1bkVygt00oASowB7EdtpOHaaPgKt812P9ab+DDKA==",
      "optional": true
    },
    "playwright": {
      "version": "1.61.1",
      "resolved": "http://src.devops.bitech.cn:86/repository/RECO.NPM/playwright/-/playwright-1.61.1.tgz",
      "integrity": "sha512-DWnY5o3YbLWK4GovuAVwpqL+1VwGNdUGrRr++8j8PtQQzvAVZUIMjKQ90fY689sEJZJBbZVw1rXaOKSTitkzPQ==",
      "requires": {
        "fsevents": "2.3.2",
        "playwright-core": "1.61.1"
      }
    },
    "playwright-core": {
      "version": "1.61.1",
      "resolved": "http://src.devops.bitech.cn:86/repository/RECO.NPM/playwright-core/-/playwright-core-1.61.1.tgz",
      "integrity": "sha512-h7Qlt6m4REp25qvIdvbDtVmD4LqVXfpRxhORv9L0jzETM05p4fuPJ3dKyuSXQxDSbXnmS79HAgi9589lGSpLkg=="
    }
  }
}
